{
  "name": "typescript-library",
  "version": "0.0.1",
  "lockfileVersion": 3,
  "requires": true,
  "packages": {
    "": {
      "name": "typescript-library",
      "version": "0.0.1",
      "license": "Apache-2.0",
      "devDependencies": {
        "typescript": "^5.1.6",
        "typescript-library": "^1.0.0"
      }
    },
    "node_modules/.pnpm/typescript@5.1.6": {
      "dev": true
    },
    "node_modules/.pnpm/typescript@5.1.6/node_modules/typescript": {
      "version": "5.1.6",
      "dev": true,
      "license": "Apache-2.0",
      "bin": {
        "tsc": "bin/tsc",
        "tsserver": "bin/tsserver"
      },
      "engines": {
        "node": ">=14.17"
      }
    },
    "node_modules/typescript": {
      "resolved": "node_modules/.pnpm/typescript@5.1.6/node_modules/typescript",
      "link": true
    },
    "node_modules/typescript-library": {
      "version": "1.0.0",
      "resolved": "https://mondo192.jfrog.io/artifactory/api/npm/default-npm/typescript-library/-/typescript-library-1.0.0.tgz",
      "integrity": "sha512-4e4Y36+h7I1APJ2R6PikODYIE6QF4trBx088oIeClCQXimmoKeLXugURRp38HPRzZLnBDrGE5DV3McGAeNTj2Q==",
      "dev": true
    }
  }
}
